// !$*UTF8*$!
{
	archiveVersion = 1;
	classes = {
	};
	objectVersion = 48;
	objects = {

/* Begin PBXBuildFile section */
		38B685E520AD81A000F543F6 /* 18.5.17.swift in Sources */ = {isa = PBXBuildFile; fileRef = 38B685E420AD81A000F543F6 /* 18.5.17.swift */; };
		38E0369320AA7A8600801A7C /* main.swift in Sources */ = {isa = PBXBuildFile; fileRef = 38E0369220AA7A8600801A7C /* main.swift */; };
		38E0369A20AAD9C500801A7C /* 18.5.15.swift in Sources */ = {isa = PBXBuildFile; fileRef = 38E0369920AAD9C500801A7C /* 18.5.15.swift */; };
		38E0369C20AC27CC00801A7C /* 18.5.16.swift in Sources */ = {isa = PBXBuildFile; fileRef = 38E0369B20AC27CC00801A7C /* 18.5.16.swift */; };
/* End PBXBuildFile section */

/* Begin PBXCopyFilesBuildPhase section */
		38E0368D20AA7A8600801A7C /* CopyFiles */ = {
			isa = PBXCopyFilesBuildPhase;
			buildActionMask = 2147483647;
			dstPath = /usr/share/man/man1/;
			dstSubfolderSpec = 0;
			files = (
			);
			runOnlyForDeploymentPostprocessing = 1;
		};
/* End PBXCopyFilesBuildPhase section */

/* Begin PBXFileReference section */
		38B685E420AD81A000F543F6 /* 18.5.17.swift */ = {isa = PBXFileReference; lastKnownFileType = sourcecode.swift; path = 18.5.17.swift; sourceTree = "<group>"; };
		38E0368F20AA7A8600801A7C /* TheAlgorithm2 */ = {isa = PBXFileReference; explicitFileType = "compiled.mach-o.executable"; includeInIndex = 0; path = TheAlgorithm2; sourceTree = BUILT_PRODUCTS_DIR; };
		38E0369220AA7A8600801A7C /* main.swift */ = {isa = PBXFileReference; lastKnownFileType = sourcecode.swift; path = main.swift; sourceTree = "<group>"; };
		38E0369920AAD9C500801A7C /* 18.5.15.swift */ = {isa = PBXFileReference; lastKnownFileType = sourcecode.swift; path = 18.5.15.swift; sourceTree = "<group>"; };
		38E0369B20AC27CC00801A7C /* 18.5.16.swift */ = {isa = PBXFileReference; lastKnownFileType = sourcecode.swift; path = 18.5.16.swift; sourceTree = "<group>"; };
/* End PBXFileReference section */

/* Begin PBXFrameworksBuildPhase section */
		38E0368C20AA7A8600801A7C /* Frameworks */ = {
			isa = PBXFrameworksBuildPhase;
			buildActionMask = 2147483647;
			files = (
			);
			runOnlyForDeploymentPostprocessing = 0;
		};
/* End PBXFrameworksBuildPhase section */

/* Begin PBXGroup section */
		38E0368620AA7A8600801A7C = {
			isa = PBXGroup;
			children = (
				38E0369120AA7A8600801A7C /* TheAlgorithm2 */,
				38E0369020AA7A8600801A7C /* Products */,
			);
			sourceTree = "<group>";
		};
		38E0369020AA7A8600801A7C /* Products */ = {
			isa = PBXGroup;
			children = (
				38E0368F20AA7A8600801A7C /* TheAlgorithm2 */,
			);
			name = Products;
			sourceTree = "<group>";
		};
		38E0369120AA7A8600801A7C /* TheAlgorithm2 */ = {
			isa = PBXGroup;
			children = (
				38E0369220AA7A8600801A7C /* main.swift */,
				38B685E420AD81A000F543F6 /* 18.5.17.swift */,
				38E0369B20AC27CC00801A7C /* 18.5.16.swift */,
				38E0369920AAD9C500801A7C /* 18.5.15.swift */,
			);
			path = TheAlgorithm2;
			sourceTree = "<group>";
		};
/* End PBXGroup section */

/* Begin PBXNativeTarget section */
		38E0368E20AA7A8600801A7C /* TheAlgorithm2 */ = {
			isa = PBXNativeTarget;
			buildConfigurationList = 38E0369620AA7A8600801A7C /* Build configuration list for PBXNativeTarget "TheAlgorithm2" */;
			buildPhases = (
				38E0368B20AA7A8600801A7C /* Sources */,
				38E0368C20AA7A8600801A7C /* Frameworks */,
				38E0368D20AA7A8600801A7C /* CopyFiles */,
			);
			buildRules = (
			);
			dependencies = (
			);
			name = TheAlgorithm2;
			productName = TheAlgorithm2;
			productReference = 38E0368F20AA7A8600801A7C /* TheAlgorithm2 */;
			productType = "com.apple.product-type.tool";
		};
/* End PBXNativeTarget section */

/* Begin PBXProject section */
		38E0368720AA7A8600801A7C /* Project object */ = {
			isa = PBXProject;
			attributes = {
				LastSwiftUpdateCheck = 0920;
				LastUpgradeCheck = 0920;
				ORGANIZATIONNAME = "cpo007@qq.com";
				TargetAttributes = {
					38E0368E20AA7A8600801A7C = {
						CreatedOnToolsVersion = 9.2;
						ProvisioningStyle = Automatic;
					};
				};
			};
			buildConfigurationList = 38E0368A20AA7A8600801A7C /* Build configuration list for PBXProject "TheAlgorithm2" */;
			compatibilityVersion = "Xcode 8.0";
			developmentRegion = en;
			hasScannedForEncodings = 0;
			knownRegions = (
				en,
			);
			mainGroup = 38E0368620AA7A8600801A7C;
			productRefGroup = 38E0369020AA7A8600801A7C /* Products */;
			projectDirPath = "";
			projectRoot = "";
			targets = (
				38E0368E20AA7A8600801A7C /* TheAlgorithm2 */,
			);
		};
/* End PBXProject section */

/* Begin PBXSourcesBuildPhase section */
		38E0368B20AA7A8600801A7C /* Sources */ = {
			isa = PBXSourcesBuildPhase;
			buildActionMask = 2147483647;
			files = (
				38E0369C20AC27CC00801A7C /* 18.5.16.swift in Sources */,
				38E0369A20AAD9C500801A7C /* 18.5.15.swift in Sources */,
				38B685E520AD81A000F543F6 /* 18.5.17.swift in Sources */,
				38E0369320AA7A8600801A7C /* main.swift in Sources */,
			);
			runOnlyForDeploymentPostprocessing = 0;
		};
/* End PBXSourcesBuildPhase section */

/* Begin XCBuildConfiguration section */
		38E0369420AA7A8600801A7C /* Debug */ = {
			isa = XCBuildConfiguration;
			buildSettings = {
				ALWAYS_SEARCH_USER_PATHS = NO;
				CLANG_ANALYZER_NONNULL = YES;
				CLANG_ANALYZER_NUMBER_OBJECT_CONVERSION = YES_AGGRESSIVE;
				CLANG_CXX_LANGUAGE_STANDARD = "gnu++14";
				CLANG_CXX_LIBRARY = "libc++";
				CLANG_ENABLE_MODULES = YES;
				CLANG_ENABLE_OBJC_ARC = YES;
				CLANG_WARN_BLOCK_CAPTURE_AUTORELEASING = YES;
				CLANG_WARN_BOOL_CONVERSION = YES;
				CLANG_WARN_COMMA = YES;
				CLANG_WARN_CONSTANT_CONVERSION = YES;
				CLANG_WARN_DIRECT_OBJC_ISA_USAGE = YES_ERROR;
				CLANG_WARN_DOCUMENTATION_COMMENTS = YES;
				CLANG_WARN_EMPTY_BODY = YES;
				CLANG_WARN_ENUM_CONVERSION = YES;
				CLANG_WARN_INFINITE_RECURSION = YES;
				CLANG_WARN_INT_CONVERSION = YES;
				CLANG_WARN_NON_LITERAL_NULL_CONVERSION = YES;
				CLANG_WARN_OBJC_LITERAL_CONVERSION = YES;
				CLANG_WARN_OBJC_ROOT_CLASS = YES_ERROR;
				CLANG_WARN_RANGE_LOOP_ANALYSIS = YES;
				CLANG_WARN_STRICT_PROTOTYPES = YES;
				CLANG_WARN_SUSPICIOUS_MOVE = YES;
				CLANG_WARN_UNGUARDED_AVAILABILITY = YES_AGGRESSIVE;
				CLANG_WARN_UNREACHABLE_CODE = YES;
				CLANG_WARN__DUPLICATE_METHOD_MATCH = YES;
				CODE_SIGN_IDENTITY = "Mac Developer";
				COPY_PHASE_STRIP = NO;
				DEBUG_INFORMATION_FORMAT = dwarf;
				ENABLE_STRICT_OBJC_MSGSEND = YES;
				ENABLE_TESTABILITY = YES;
				GCC_C_LANGUAGE_STANDARD = gnu11;
				GCC_DYNAMIC_NO_PIC = NO;
				GCC_NO_COMMON_BLOCKS = YES;
				GCC_OPTIMIZATION_LEVEL = 0;
				GCC_PREPROCESSOR_DEFINITIONS = (
					"DEBUG=1",
					"$(inherited)",
				);
				GCC_WARN_64_TO_32_BIT_CONVERSION = YES;
				GCC_WARN_ABOUT_RETURN_TYPE = YES_ERROR;
				GCC_WARN_UNDECLARED_SELECTOR = YES;
				GCC_WARN_UNINITIALIZED_AUTOS = YES_AGGRESSIVE;
				GCC_WARN_UNUSED_FUNCTION = YES;
				GCC_WARN_UNUSED_VARIABLE = YES;
				MACOSX_DEPLOYMENT_TARGET = 10.13;
				MTL_ENABLE_DEBUG_INFO = YES;
				ONLY_ACTIVE_ARCH = YES;
				SDKROOT = macosx;
				SWIFT_ACTIVE_COMPILATION_CONDITIONS = DEBUG;
				SWIFT_OPTIMIZATION_LEVEL = "-Onone";
			};
			name = Debug;
		};
		38E0369520AA7A8600801A7C /* Release */ = {
			isa = XCBuildConfiguration;
			buildSettings = {
				ALWAYS_SEARCH_USER_PATHS = NO;
				CLANG_ANALYZER_NONNULL = YES;
				CLANG_ANALYZER_NUMBER_OBJECT_CONVERSION = YES_AGGRESSIVE;
				CLANG_CXX_LANGUAGE_STANDARD = "gnu++14";
				CLANG_CXX_LIBRARY = "libc++";
				CLANG_ENABLE_MODULES = YES;
				CLANG_ENABLE_OBJC_ARC = YES;
				CLANG_WARN_BLOCK_CAPTURE_AUTORELEASING = YES;
				CLANG_WARN_BOOL_CONVERSION = YES;
				CLANG_WARN_COMMA = YES;
				CLANG_WARN_CONSTANT_CONVERSION = YES;
				CLANG_WARN_DIRECT_OBJC_ISA_USAGE = YES_ERROR;
				CLANG_WARN_DOCUMENTATION_COMMENTS = YES;
				CLANG_WARN_EMPTY_BODY = YES;
				CLANG_WARN_ENUM_CONVERSION = YES;
				CLANG_WARN_INFINITE_RECURSION = YES;
				CLANG_WARN_INT_CONVERSION = YES;
				CLANG_WARN_NON_LITERAL_NULL_CONVERSION = YES;
				CLANG_WARN_OBJC_LITERAL_CONVERSION = YES;
				CLANG_WARN_OBJC_ROOT_CLASS = YES_ERROR;
				CLANG_WARN_RANGE_LOOP_ANALYSIS = YES;
				CLANG_WARN_STRICT_PROTOTYPES = YES;
				CLANG_WARN_SUSPICIOUS_MOVE = YES;
				CLANG_WARN_UNGUARDED_AVAILABILITY = YES_AGGRESSIVE;
				CLANG_WARN_UNREACHABLE_CODE = YES;
				CLANG_WARN__DUPLICATE_METHOD_MATCH = YES;
				CODE_SIGN_IDENTITY = "Mac Developer";
				COPY_PHASE_STRIP = NO;
				DEBUG_INFORMATION_FORMAT = "dwarf-with-dsym";
				ENABLE_NS_ASSERTIONS = NO;
				ENABLE_STRICT_OBJC_MSGSEND = YES;
				GCC_C_LANGUAGE_STANDARD = gnu11;
				GCC_NO_COMMON_BLOCKS = YES;
				GCC_WARN_64_TO_32_BIT_CONVERSION = YES;
				GCC_WARN_ABOUT_RETURN_TYPE = YES_ERROR;
				GCC_WARN_UNDECLARED_SELECTOR = YES;
				GCC_WARN_UNINITIALIZED_AUTOS = YES_AGGRESSIVE;
				GCC_WARN_UNUSED_FUNCTION = YES;
				GCC_WARN_UNUSED_VARIABLE = YES;
				MACOSX_DEPLOYMENT_TARGET = 10.13;
				MTL_ENABLE_DEBUG_INFO = NO;
				SDKROOT = macosx;
				SWIFT_OPTIMIZATION_LEVEL = "-Owholemodule";
			};
			name = Release;
		};
		38E0369720AA7A8600801A7C /* Debug */ = {
			isa = XCBuildConfiguration;
			buildSettings = {
				CODE_SIGN_STYLE = Automatic;
				DEVELOPMENT_TEAM = YW7M27LN28;
				PRODUCT_NAME = "$(TARGET_NAME)";
				SWIFT_VERSION = 4.0;
			};
			name = Debug;
		};
		38E0369820AA7A8600801A7C /* Release */ = {
			isa = XCBuildConfiguration;
			buildSettings = {
				CODE_SIGN_STYLE = Automatic;
				DEVELOPMENT_TEAM = YW7M27LN28;
				PRODUCT_NAME = "$(TARGET_NAME)";
				SWIFT_VERSION = 4.0;
			};
			name = Release;
		};
/* End XCBuildConfiguration section */

/* Begin XCConfigurationList section */
		38E0368A20AA7A8600801A7C /* Build configuration list for PBXProject "TheAlgorithm2" */ = {
			isa = XCConfigurationList;
			buildConfigurations = (
				38E0369420AA7A8600801A7C /* Debug */,
				38E0369520AA7A8600801A7C /* Release */,
			);
			defaultConfigurationIsVisible = 0;
			defaultConfigurationName = Release;
		};
		38E0369620AA7A8600801A7C /* Build configuration list for PBXNativeTarget "TheAlgorithm2" */ = {
			isa = XCConfigurationList;
			buildConfigurations = (
				38E0369720AA7A8600801A7C /* Debug */,
				38E0369820AA7A8600801A7C /* Release */,
			);
			defaultConfigurationIsVisible = 0;
			defaultConfigurationName = Release;
		};
/* End XCConfigurationList section */
	};
	rootObject = 38E0368720AA7A8600801A7C /* Project object */;
}
